
Microsoft Visual Studio Solution File, Format Version 12.00
# Visual Studio 15
VisualStudioVersion = 15.0.28307.645
MinimumVisualStudioVersion = 10.0.40219.1
Project("{FAE04EC0-301F-11D3-BF4B-00C04F79EFBC}") = "PMServer", "PMServer\PMServer.csproj", "{FDE1F664-31F0-4D72-A95B-1AC4E09F6096}"
EndProject
Project("{FAE04EC0-301F-11D3-BF4B-00C04F79EFBC}") = "PMServerTest", "PMServerTest\PMServerTest.csproj", "{D6B531B2-A201-427A-9C10-6735B9402ED8}"
EndProject
Global
	GlobalSection(SolutionConfigurationPlatforms) = preSolution
		Debug|Any CPU = Debug|Any CPU
		Release|Any CPU = Release|Any CPU
	EndGlobalSection
	GlobalSection(ProjectConfigurationPlatforms) = postSolution
		{FDE1F664-31F0-4D72-A95B-1AC4E09F6096}.Debug|Any CPU.ActiveCfg = Debug|Any CPU
		{FDE1F664-31F0-4D72-A95B-1AC4E09F6096}.Debug|Any CPU.Build.0 = Debug|Any CPU
		{FDE1F664-31F0-4D72-A95B-1AC4E09F6096}.Release|Any CPU.ActiveCfg = Release|Any CPU
		{FDE1F664-31F0-4D72-A95B-1AC4E09F6096}.Release|Any CPU.Build.0 = Release|Any CPU
		{D6B531B2-A201-427A-9C10-6735B9402ED8}.Debug|Any CPU.ActiveCfg = Debug|Any CPU
		{D6B531B2-A201-427A-9C10-6735B9402ED8}.Debug|Any CPU.Build.0 = Debug|Any CPU
		{D6B531B2-A201-427A-9C10-6735B9402ED8}.Release|Any CPU.ActiveCfg = Release|Any CPU
		{D6B531B2-A201-427A-9C10-6735B9402ED8}.Release|Any CPU.Build.0 = Release|Any CPU
	EndGlobalSection
	GlobalSection(SolutionProperties) = preSolution
		HideSolutionNode = FALSE
	EndGlobalSection
	GlobalSection(ExtensibilityGlobals) = postSolution
		SolutionGuid = {023A59E1-053E-431A-A8D3-C20092B2FF27}
	EndGlobalSection
EndGlobal
